
Microsoft Visual Studio Solution File, Format Version 12.00
# Visual Studio Version 16
VisualStudioVersion = 16.0.30114.105
MinimumVisualStudioVersion = 10.0.40219.1
Project("{FAE04EC0-301F-11D3-BF4B-00C04F79EFBC}") = "SampleLibrary", "SampleLibrary\SampleLibrary.csproj", "{79B6BA80-C1E9-4CBF-879F-8005F8FB3432}"
EndProject
Project("{FAE04EC0-301F-11D3-BF4B-00C04F79EFBC}") = "SampleLibrary.Test", "SampleLibrary.Test\SampleLibrary.Test.csproj", "{8219DBFD-9746-4D72-90B4-007E5724CA37}"
EndProject
Global
	GlobalSection(SolutionConfigurationPlatforms) = preSolution
		Debug|Any CPU = Debug|Any CPU
		Release|Any CPU = Release|Any CPU
	EndGlobalSection
	GlobalSection(SolutionProperties) = preSolution
		HideSolutionNode = FALSE
	EndGlobalSection
	GlobalSection(ProjectConfigurationPlatforms) = postSolution
		{79B6BA80-C1E9-4CBF-879F-8005F8FB3432}.Debug|Any CPU.ActiveCfg = Debug|Any CPU
		{79B6BA80-C1E9-4CBF-879F-8005F8FB3432}.Debug|Any CPU.Build.0 = Debug|Any CPU
		{79B6BA80-C1E9-4CBF-879F-8005F8FB3432}.Release|Any CPU.ActiveCfg = Release|Any CPU
		{79B6BA80-C1E9-4CBF-879F-8005F8FB3432}.Release|Any CPU.Build.0 = Release|Any CPU
		{8219DBFD-9746-4D72-90B4-007E5724CA37}.Debug|Any CPU.ActiveCfg = Debug|Any CPU
		{8219DBFD-9746-4D72-90B4-007E5724CA37}.Debug|Any CPU.Build.0 = Debug|Any CPU
		{8219DBFD-9746-4D72-90B4-007E5724CA37}.Release|Any CPU.ActiveCfg = Release|Any CPU
		{8219DBFD-9746-4D72-90B4-007E5724CA37}.Release|Any CPU.Build.0 = Release|Any CPU
	EndGlobalSection
EndGlobal
